
Microsoft Visual Studio Solution File, Format Version 12.00
Project("{FAE04EC0-301F-11D3-BF4B-00C04F79EFBC}") = "Fedandburk.Serilog.Sinks.AppCenter", "Fedandburk.Serilog.Sinks.AppCenter\Fedandburk.Serilog.Sinks.AppCenter.csproj", "{D8F1FF98-36AB-43EF-A791-110BDF3F0B65}"
EndProject
Global
	GlobalSection(SolutionConfigurationPlatforms) = preSolution
		Debug|Any CPU = Debug|Any CPU
		Release|Any CPU = Release|Any CPU
	EndGlobalSection
	GlobalSection(ProjectConfigurationPlatforms) = postSolution
		{D8F1FF98-36AB-43EF-A791-110BDF3F0B65}.Debug|Any CPU.ActiveCfg = Debug|Any CPU
		{D8F1FF98-36AB-43EF-A791-110BDF3F0B65}.Debug|Any CPU.Build.0 = Debug|Any CPU
		{D8F1FF98-36AB-43EF-A791-110BDF3F0B65}.Release|Any CPU.ActiveCfg = Release|Any CPU
		{D8F1FF98-36AB-43EF-A791-110BDF3F0B65}.Release|Any CPU.Build.0 = Release|Any CPU
	EndGlobalSection
EndGlobal
